
Microsoft Visual Studio Solution File, Format Version 12.00
# Visual Studio Version 16
VisualStudioVersion = 16.0.30523.141
MinimumVisualStudioVersion = 10.0.40219.1
Project("{FAE04EC0-301F-11D3-BF4B-00C04F79EFBC}") = "eShopWebApplication", "eShopWebApplication\eShopWebApplication.csproj", "{3AA7FE50-F9C0-4F2C-B9BE-1DE5DA5ABED7}"
EndProject
Global
	GlobalSection(SolutionConfigurationPlatforms) = preSolution
		Debug|Any CPU = Debug|Any CPU
		Release|Any CPU = Release|Any CPU
	EndGlobalSection
	GlobalSection(ProjectConfigurationPlatforms) = postSolution
		{3AA7FE50-F9C0-4F2C-B9BE-1DE5DA5ABED7}.Debug|Any CPU.ActiveCfg = Debug|Any CPU
		{3AA7FE50-F9C0-4F2C-B9BE-1DE5DA5ABED7}.Debug|Any CPU.Build.0 = Debug|Any CPU
		{3AA7FE50-F9C0-4F2C-B9BE-1DE5DA5ABED7}.Release|Any CPU.ActiveCfg = Release|Any CPU
		{3AA7FE50-F9C0-4F2C-B9BE-1DE5DA5ABED7}.Release|Any CPU.Build.0 = Release|Any CPU
	EndGlobalSection
	GlobalSection(SolutionProperties) = preSolution
		HideSolutionNode = FALSE
	EndGlobalSection
	GlobalSection(ExtensibilityGlobals) = postSolution
		SolutionGuid = {8FBD2D9B-B305-492F-891F-3B54DE3BC6FF}
	EndGlobalSection
EndGlobal
